
Microsoft Visual Studio Solution File, Format Version 12.00
# Visual Studio Version 17
VisualStudioVersion = 17.3.32825.248
MinimumVisualStudioVersion = 10.0.40219.1
Project("{9A19103F-16F7-4668-BE54-9A1E7A4F7556}") = "TestFrameworkCore", "TestFrameworkCore\TestFrameworkCore.csproj", "{8C18E21A-9E0D-49E8-9F62-69CF0FD14116}"
EndProject
Global
	GlobalSection(SolutionConfigurationPlatforms) = preSolution
		Debug|Any CPU = Debug|Any CPU
		Release|Any CPU = Release|Any CPU
	EndGlobalSection
	GlobalSection(ProjectConfigurationPlatforms) = postSolution
		{8C18E21A-9E0D-49E8-9F62-69CF0FD14116}.Debug|Any CPU.ActiveCfg = Debug|Any CPU
		{8C18E21A-9E0D-49E8-9F62-69CF0FD14116}.Debug|Any CPU.Build.0 = Debug|Any CPU
		{8C18E21A-9E0D-49E8-9F62-69CF0FD14116}.Release|Any CPU.ActiveCfg = Debug|Any CPU
		{8C18E21A-9E0D-49E8-9F62-69CF0FD14116}.Release|Any CPU.Build.0 = Debug|Any CPU
	EndGlobalSection
	GlobalSection(SolutionProperties) = preSolution
		HideSolutionNode = FALSE
	EndGlobalSection
	GlobalSection(ExtensibilityGlobals) = postSolution
		SolutionGuid = {441C108B-2348-4BD7-86FA-93B638C55EA4}
	EndGlobalSection
EndGlobal
